// !$*UTF8*$!
{
	archiveVersion = 1;
	classes = {
	};
	objectVersion = 56;
	objects = {

/* Begin PBXBuildFile section */
		B03F4A7E2C71EBE600E9914C /* Int.swift in Sources */ = {isa = PBXBuildFile; fileRef = B03F4A7D2C71EBE600E9914C /* Int.swift */; };
		B03F4A822C7201EC00E9914C /* CityWeatherInformationProtocol.swift in Sources */ = {isa = PBXBuildFile; fileRef = B03F4A812C7201EC00E9914C /* CityWeatherInformationProtocol.swift */; };
		B04014E62C66E3D2000DB07F /* Assets.xcassets in Resources */ = {isa = PBXBuildFile; fileRef = B04014E52C66E3D2000DB07F /* Assets.xcassets */; };
		B04014EA2C66E3D2000DB07F /* Preview Assets.xcassets in Resources */ = {isa = PBXBuildFile; fileRef = B04014E92C66E3D2000DB07F /* Preview Assets.xcassets */; };
		B04014F42C66E3D2000DB07F /* CityFormViewModelTests.swift in Sources */ = {isa = PBXBuildFile; fileRef = B04014F32C66E3D2000DB07F /* CityFormViewModelTests.swift */; };
		B04014FE2C66E3D2000DB07F /* OpenWeatherUITests.swift in Sources */ = {isa = PBXBuildFile; fileRef = B04014FD2C66E3D2000DB07F /* OpenWeatherUITests.swift */; };
		B04015002C66E3D2000DB07F /* OpenWeatherUITestsLaunchTests.swift in Sources */ = {isa = PBXBuildFile; fileRef = B04014FF2C66E3D2000DB07F /* OpenWeatherUITestsLaunchTests.swift */; };
		B04015122C6728B9000DB07F /* CityFormViewModel.swift in Sources */ = {isa = PBXBuildFile; fileRef = B04015112C6728B9000DB07F /* CityFormViewModel.swift */; };
		B040151B2C672938000DB07F /* CityWeatherInformationModel.swift in Sources */ = {isa = PBXBuildFile; fileRef = B040151A2C672938000DB07F /* CityWeatherInformationModel.swift */; };
		B04015232C67313C000DB07F /* CityFormView.swift in Sources */ = {isa = PBXBuildFile; fileRef = B04015222C67313C000DB07F /* CityFormView.swift */; };
		B040152D2C673DA9000DB07F /* Colors.swift in Sources */ = {isa = PBXBuildFile; fileRef = B040152C2C673DA9000DB07F /* Colors.swift */; };
		B04015312C686C46000DB07F /* WeatherinformationView.swift in Sources */ = {isa = PBXBuildFile; fileRef = B04015302C686C46000DB07F /* WeatherinformationView.swift */; };
		B04015332C686EF2000DB07F /* WeatherInformationViewRepresetable.swift in Sources */ = {isa = PBXBuildFile; fileRef = B04015322C686EF2000DB07F /* WeatherInformationViewRepresetable.swift */; };
		B04015382C6988C1000DB07F /* ApiError.swift in Sources */ = {isa = PBXBuildFile; fileRef = B04015372C6988C1000DB07F /* ApiError.swift */; };
		B040153C2C6D8A20000DB07F /* CitySearchFieldView.swift in Sources */ = {isa = PBXBuildFile; fileRef = B040153B2C6D8A20000DB07F /* CitySearchFieldView.swift */; };
		B040153E2C6D96A6000DB07F /* CitySearchFieldViewModel.swift in Sources */ = {isa = PBXBuildFile; fileRef = B040153D2C6D96A6000DB07F /* CitySearchFieldViewModel.swift */; };
		B04015482C6DD927000DB07F /* CitySearch.swift in Sources */ = {isa = PBXBuildFile; fileRef = B04015472C6DD927000DB07F /* CitySearch.swift */; };
		B040154A2C6ED6DA000DB07F /* WeatherInformationHeaderView.swift in Sources */ = {isa = PBXBuildFile; fileRef = B04015492C6ED6DA000DB07F /* WeatherInformationHeaderView.swift */; };
		B040154D2C6EF511000DB07F /* WeatherInformationService.swift in Sources */ = {isa = PBXBuildFile; fileRef = B040154C2C6EF511000DB07F /* WeatherInformationService.swift */; };
		B068E7582C73FB2600B9867B /* CityWeatherModelFixture.swift in Sources */ = {isa = PBXBuildFile; fileRef = B068E7572C73FB2600B9867B /* CityWeatherModelFixture.swift */; };
		B068E75A2C7EA77F00B9867B /* OpenWeatherApp.swift in Sources */ = {isa = PBXBuildFile; fileRef = B068E7592C7EA77F00B9867B /* OpenWeatherApp.swift */; };
		B0C76B9E2C728D0300E47ED1 /* WeatherReloadActionProtocol.swift in Sources */ = {isa = PBXBuildFile; fileRef = B0C76B9D2C728D0300E47ED1 /* WeatherReloadActionProtocol.swift */; };
/* End PBXBuildFile section */

/* Begin PBXContainerItemProxy section */
		B04014F02C66E3D2000DB07F /* PBXContainerItemProxy */ = {
			isa = PBXContainerItemProxy;
			containerPortal = B04014D62C66E3D0000DB07F /* Project object */;
			proxyType = 1;
			remoteGlobalIDString = B04014DD2C66E3D0000DB07F;
			remoteInfo = OpenWeather;
		};
		B04014FA2C66E3D2000DB07F /* PBXContainerItemProxy */ = {
			isa = PBXContainerItemProxy;
			containerPortal = B04014D62C66E3D0000DB07F /* Project object */;
			proxyType = 1;
			remoteGlobalIDString = B04014DD2C66E3D0000DB07F;
			remoteInfo = OpenWeather;
		};
/* End PBXContainerItemProxy section */

/* Begin PBXFileReference section */
		B03F4A7D2C71EBE600E9914C /* Int.swift */ = {isa = PBXFileReference; lastKnownFileType = sourcecode.swift; path = Int.swift; sourceTree = "<group>"; };
		B03F4A812C7201EC00E9914C /* CityWeatherInformationProtocol.swift */ = {isa = PBXFileReference; lastKnownFileType = sourcecode.swift; path = CityWeatherInformationProtocol.swift; sourceTree = "<group>"; };
		B04014DE2C66E3D0000DB07F /* OpenWeather.app */ = {isa = PBXFileReference; explicitFileType = wrapper.application; includeInIndex = 0; path = OpenWeather.app; sourceTree = BUILT_PRODUCTS_DIR; };
		B04014E52C66E3D2000DB07F /* Assets.xcassets */ = {isa = PBXFileReference; lastKnownFileType = folder.assetcatalog; path = Assets.xcassets; sourceTree = "<group>"; };
		B04014E72C66E3D2000DB07F /* OpenWeather.entitlements */ = {isa = PBXFileReference; lastKnownFileType = text.plist.entitlements; path = OpenWeather.entitlements; sourceTree = "<group>"; };
		B04014E92C66E3D2000DB07F /* Preview Assets.xcassets */ = {isa = PBXFileReference; lastKnownFileType = folder.assetcatalog; path = "Preview Assets.xcassets"; sourceTree = "<group>"; };
		B04014EF2C66E3D2000DB07F /* OpenWeatherTests.xctest */ = {isa = PBXFileReference; explicitFileType = wrapper.cfbundle; includeInIndex = 0; path = OpenWeatherTests.xctest; sourceTree = BUILT_PRODUCTS_DIR; };
		B04014F32C66E3D2000DB07F /* CityFormViewModelTests.swift */ = {isa = PBXFileReference; lastKnownFileType = sourcecode.swift; path = CityFormViewModelTests.swift; sourceTree = "<group>"; };
		B04014F92C66E3D2000DB07F /* OpenWeatherUITests.xctest */ = {isa = PBXFileReference; explicitFileType = wrapper.cfbundle; includeInIndex = 0; path = OpenWeatherUITests.xctest; sourceTree = BUILT_PRODUCTS_DIR; };
		B04014FD2C66E3D2000DB07F /* OpenWeatherUITests.swift */ = {isa = PBXFileReference; lastKnownFileType = sourcecode.swift; path = OpenWeatherUITests.swift; sourceTree = "<group>"; };
		B04014FF2C66E3D2000DB07F /* OpenWeatherUITestsLaunchTests.swift */ = {isa = PBXFileReference; lastKnownFileType = sourcecode.swift; path = OpenWeatherUITestsLaunchTests.swift; sourceTree = "<group>"; };
		B04015112C6728B9000DB07F /* CityFormViewModel.swift */ = {isa = PBXFileReference; lastKnownFileType = sourcecode.swift; path = CityFormViewModel.swift; sourceTree = "<group>"; };
		B040151A2C672938000DB07F /* CityWeatherInformationModel.swift */ = {isa = PBXFileReference; lastKnownFileType = sourcecode.swift; path = CityWeatherInformationModel.swift; sourceTree = "<group>"; };
		B04015222C67313C000DB07F /* CityFormView.swift */ = {isa = PBXFileReference; lastKnownFileType = sourcecode.swift; path = CityFormView.swift; sourceTree = "<group>"; };
		B040152C2C673DA9000DB07F /* Colors.swift */ = {isa = PBXFileReference; lastKnownFileType = sourcecode.swift; path = Colors.swift; sourceTree = "<group>"; };
		B04015302C686C46000DB07F /* WeatherinformationView.swift */ = {isa = PBXFileReference; lastKnownFileType = sourcecode.swift; path = WeatherinformationView.swift; sourceTree = "<group>"; };
		B04015322C686EF2000DB07F /* WeatherInformationViewRepresetable.swift */ = {isa = PBXFileReference; lastKnownFileType = sourcecode.swift; path = WeatherInformationViewRepresetable.swift; sourceTree = "<group>"; };
		B04015372C6988C1000DB07F /* ApiError.swift */ = {isa = PBXFileReference; lastKnownFileType = sourcecode.swift; path = ApiError.swift; sourceTree = "<group>"; };
		B040153B2C6D8A20000DB07F /* CitySearchFieldView.swift */ = {isa = PBXFileReference; lastKnownFileType = sourcecode.swift; path = CitySearchFieldView.swift; sourceTree = "<group>"; };
		B040153D2C6D96A6000DB07F /* CitySearchFieldViewModel.swift */ = {isa = PBXFileReference; lastKnownFileType = sourcecode.swift; path = CitySearchFieldViewModel.swift; sourceTree = "<group>"; };
		B04015472C6DD927000DB07F /* CitySearch.swift */ = {isa = PBXFileReference; lastKnownFileType = sourcecode.swift; path = CitySearch.swift; sourceTree = "<group>"; };
		B04015492C6ED6DA000DB07F /* WeatherInformationHeaderView.swift */ = {isa = PBXFileReference; lastKnownFileType = sourcecode.swift; path = WeatherInformationHeaderView.swift; sourceTree = "<group>"; };
		B040154C2C6EF511000DB07F /* WeatherInformationService.swift */ = {isa = PBXFileReference; lastKnownFileType = sourcecode.swift; path = WeatherInformationService.swift; sourceTree = "<group>"; };
		B04015502C6EFA39000DB07F /* Info.plist */ = {isa = PBXFileReference; lastKnownFileType = text.plist.xml; path = Info.plist; sourceTree = "<group>"; };
		B068E7572C73FB2600B9867B /* CityWeatherModelFixture.swift */ = {isa = PBXFileReference; lastKnownFileType = sourcecode.swift; path = CityWeatherModelFixture.swift; sourceTree = "<group>"; };
		B068E7592C7EA77F00B9867B /* OpenWeatherApp.swift */ = {isa = PBXFileReference; lastKnownFileType = sourcecode.swift; path = OpenWeatherApp.swift; sourceTree = "<group>"; };
		B0C76B9D2C728D0300E47ED1 /* WeatherReloadActionProtocol.swift */ = {isa = PBXFileReference; lastKnownFileType = sourcecode.swift; path = WeatherReloadActionProtocol.swift; sourceTree = "<group>"; };
/* End PBXFileReference section */

/* Begin PBXFrameworksBuildPhase section */
		B04014DB2C66E3D0000DB07F /* Frameworks */ = {
			isa = PBXFrameworksBuildPhase;
			buildActionMask = 2147483647;
			files = (
			);
			runOnlyForDeploymentPostprocessing = 0;
		};
		B04014EC2C66E3D2000DB07F /* Frameworks */ = {
			isa = PBXFrameworksBuildPhase;
			buildActionMask = 2147483647;
			files = (
			);
			runOnlyForDeploymentPostprocessing = 0;
		};
		B04014F62C66E3D2000DB07F /* Frameworks */ = {
			isa = PBXFrameworksBuildPhase;
			buildActionMask = 2147483647;
			files = (
			);
			runOnlyForDeploymentPostprocessing = 0;
		};
/* End PBXFrameworksBuildPhase section */

/* Begin PBXGroup section */
		B03F4A7F2C71FE6800E9914C /* CityForm */ = {
			isa = PBXGroup;
			children = (
				B068E7562C73FB0C00B9867B /* Fixtures */,
				B04014F32C66E3D2000DB07F /* CityFormViewModelTests.swift */,
			);
			path = CityForm;
			sourceTree = "<group>";
		};
		B04014D52C66E3D0000DB07F = {
			isa = PBXGroup;
			children = (
				B04014E02C66E3D0000DB07F /* OpenWeather */,
				B04014F22C66E3D2000DB07F /* OpenWeatherTests */,
				B04014FC2C66E3D2000DB07F /* OpenWeatherUITests */,
				B04014DF2C66E3D0000DB07F /* Products */,
			);
			sourceTree = "<group>";
		};
		B04014DF2C66E3D0000DB07F /* Products */ = {
			isa = PBXGroup;
			children = (
				B04014DE2C66E3D0000DB07F /* OpenWeather.app */,
				B04014EF2C66E3D2000DB07F /* OpenWeatherTests.xctest */,
				B04014F92C66E3D2000DB07F /* OpenWeatherUITests.xctest */,
			);
			name = Products;
			sourceTree = "<group>";
		};
		B04014E02C66E3D0000DB07F /* OpenWeather */ = {
			isa = PBXGroup;
			children = (
				B04015502C6EFA39000DB07F /* Info.plist */,
				B04015242C673228000DB07F /* App */,
				B040150C2C66EE45000DB07F /* Scenes */,
				B04014E52C66E3D2000DB07F /* Assets.xcassets */,
				B04014E72C66E3D2000DB07F /* OpenWeather.entitlements */,
				B04014E82C66E3D2000DB07F /* Preview Content */,
			);
			path = OpenWeather;
			sourceTree = "<group>";
		};
		B04014E82C66E3D2000DB07F /* Preview Content */ = {
			isa = PBXGroup;
			children = (
				B04014E92C66E3D2000DB07F /* Preview Assets.xcassets */,
			);
			path = "Preview Content";
			sourceTree = "<group>";
		};
		B04014F22C66E3D2000DB07F /* OpenWeatherTests */ = {
			isa = PBXGroup;
			children = (
				B03F4A7F2C71FE6800E9914C /* CityForm */,
			);
			path = OpenWeatherTests;
			sourceTree = "<group>";
		};
		B04014FC2C66E3D2000DB07F /* OpenWeatherUITests */ = {
			isa = PBXGroup;
			children = (
				B04014FD2C66E3D2000DB07F /* OpenWeatherUITests.swift */,
				B04014FF2C66E3D2000DB07F /* OpenWeatherUITestsLaunchTests.swift */,
			);
			path = OpenWeatherUITests;
			sourceTree = "<group>";
		};
		B040150C2C66EE45000DB07F /* Scenes */ = {
			isa = PBXGroup;
			children = (
				B04015152C6728F4000DB07F /* Helpers */,
				B040150E2C66EE95000DB07F /* WeatherInformation */,
				B040150D2C66EE73000DB07F /* CityForm */,
			);
			path = Scenes;
			sourceTree = "<group>";
		};
		B040150D2C66EE73000DB07F /* CityForm */ = {
			isa = PBXGroup;
			children = (
				B04015432C6DD422000DB07F /* Models */,
				B04015422C6DD3E8000DB07F /* ViewModels */,
				B040153A2C6D8A0E000DB07F /* Views */,
			);
			path = CityForm;
			sourceTree = "<group>";
		};
		B040150E2C66EE95000DB07F /* WeatherInformation */ = {
			isa = PBXGroup;
			children = (
				B04015342C687779000DB07F /* Views */,
			);
			path = WeatherInformation;
			sourceTree = "<group>";
		};
		B04015152C6728F4000DB07F /* Helpers */ = {
			isa = PBXGroup;
			children = (
				B040154B2C6EF4FD000DB07F /* Service */,
				B040152B2C673D95000DB07F /* Utils */,
				B040152A2C673765000DB07F /* Views */,
				B04015292C673754000DB07F /* Protocols */,
			);
			path = Helpers;
			sourceTree = "<group>";
		};
		B04015242C673228000DB07F /* App */ = {
			isa = PBXGroup;
			children = (
				B068E7592C7EA77F00B9867B /* OpenWeatherApp.swift */,
			);
			path = App;
			sourceTree = "<group>";
		};
		B04015292C673754000DB07F /* Protocols */ = {
			isa = PBXGroup;
			children = (
				B04015472C6DD927000DB07F /* CitySearch.swift */,
				B03F4A812C7201EC00E9914C /* CityWeatherInformationProtocol.swift */,
				B0C76B9D2C728D0300E47ED1 /* WeatherReloadActionProtocol.swift */,
			);
			path = Protocols;
			sourceTree = "<group>";
		};
		B040152A2C673765000DB07F /* Views */ = {
			isa = PBXGroup;
			children = (
				B04015322C686EF2000DB07F /* WeatherInformationViewRepresetable.swift */,
			);
			path = Views;
			sourceTree = "<group>";
		};
		B040152B2C673D95000DB07F /* Utils */ = {
			isa = PBXGroup;
			children = (
				B04015372C6988C1000DB07F /* ApiError.swift */,
				B040152C2C673DA9000DB07F /* Colors.swift */,
				B03F4A7D2C71EBE600E9914C /* Int.swift */,
			);
			path = Utils;
			sourceTree = "<group>";
		};
		B04015342C687779000DB07F /* Views */ = {
			isa = PBXGroup;
			children = (
				B04015302C686C46000DB07F /* WeatherinformationView.swift */,
				B04015492C6ED6DA000DB07F /* WeatherInformationHeaderView.swift */,
			);
			path = Views;
			sourceTree = "<group>";
		};
		B040153A2C6D8A0E000DB07F /* Views */ = {
			isa = PBXGroup;
			children = (
				B04015222C67313C000DB07F /* CityFormView.swift */,
				B040153B2C6D8A20000DB07F /* CitySearchFieldView.swift */,
			);
			path = Views;
			sourceTree = "<group>";
		};
		B04015422C6DD3E8000DB07F /* ViewModels */ = {
			isa = PBXGroup;
			children = (
				B04015112C6728B9000DB07F /* CityFormViewModel.swift */,
				B040153D2C6D96A6000DB07F /* CitySearchFieldViewModel.swift */,
			);
			path = ViewModels;
			sourceTree = "<group>";
		};
		B04015432C6DD422000DB07F /* Models */ = {
			isa = PBXGroup;
			children = (
				B040151A2C672938000DB07F /* CityWeatherInformationModel.swift */,
			);
			path = Models;
			sourceTree = "<group>";
		};
		B040154B2C6EF4FD000DB07F /* Service */ = {
			isa = PBXGroup;
			children = (
				B040154C2C6EF511000DB07F /* WeatherInformationService.swift */,
			);
			path = Service;
			sourceTree = "<group>";
		};
		B068E7562C73FB0C00B9867B /* Fixtures */ = {
			isa = PBXGroup;
			children = (
				B068E7572C73FB2600B9867B /* CityWeatherModelFixture.swift */,
			);
			path = Fixtures;
			sourceTree = "<group>";
		};
/* End PBXGroup section */

/* Begin PBXNativeTarget section */
		B04014DD2C66E3D0000DB07F /* OpenWeather */ = {
			isa = PBXNativeTarget;
			buildConfigurationList = B04015032C66E3D2000DB07F /* Build configuration list for PBXNativeTarget "OpenWeather" */;
			buildPhases = (
				B04014DA2C66E3D0000DB07F /* Sources */,
				B04014DB2C66E3D0000DB07F /* Frameworks */,
				B04014DC2C66E3D0000DB07F /* Resources */,
			);
			buildRules = (
			);
			dependencies = (
			);
			name = OpenWeather;
			productName = OpenWeather;
			productReference = B04014DE2C66E3D0000DB07F /* OpenWeather.app */;
			productType = "com.apple.product-type.application";
		};
		B04014EE2C66E3D2000DB07F /* OpenWeatherTests */ = {
			isa = PBXNativeTarget;
			buildConfigurationList = B04015062C66E3D2000DB07F /* Build configuration list for PBXNativeTarget "OpenWeatherTests" */;
			buildPhases = (
				B04014EB2C66E3D2000DB07F /* Sources */,
				B04014EC2C66E3D2000DB07F /* Frameworks */,
				B04014ED2C66E3D2000DB07F /* Resources */,
			);
			buildRules = (
			);
			dependencies = (
				B04014F12C66E3D2000DB07F /* PBXTargetDependency */,
			);
			name = OpenWeatherTests;
			productName = OpenWeatherTests;
			productReference = B04014EF2C66E3D2000DB07F /* OpenWeatherTests.xctest */;
			productType = "com.apple.product-type.bundle.unit-test";
		};
		B04014F82C66E3D2000DB07F /* OpenWeatherUITests */ = {
			isa = PBXNativeTarget;
			buildConfigurationList = B04015092C66E3D2000DB07F /* Build configuration list for PBXNativeTarget "OpenWeatherUITests" */;
			buildPhases = (
				B04014F52C66E3D2000DB07F /* Sources */,
				B04014F62C66E3D2000DB07F /* Frameworks */,
				B04014F72C66E3D2000DB07F /* Resources */,
			);
			buildRules = (
			);
			dependencies = (
				B04014FB2C66E3D2000DB07F /* PBXTargetDependency */,
			);
			name = OpenWeatherUITests;
			productName = OpenWeatherUITests;
			productReference = B04014F92C66E3D2000DB07F /* OpenWeatherUITests.xctest */;
			productType = "com.apple.product-type.bundle.ui-testing";
		};
/* End PBXNativeTarget section */

/* Begin PBXProject section */
		B04014D62C66E3D0000DB07F /* Project object */ = {
			isa = PBXProject;
			attributes = {
				BuildIndependentTargetsInParallel = 1;
				LastSwiftUpdateCheck = 1510;
				LastUpgradeCheck = 1510;
				TargetAttributes = {
					B04014DD2C66E3D0000DB07F = {
						CreatedOnToolsVersion = 15.1;
					};
					B04014EE2C66E3D2000DB07F = {
						CreatedOnToolsVersion = 15.1;
						TestTargetID = B04014DD2C66E3D0000DB07F;
					};
					B04014F82C66E3D2000DB07F = {
						CreatedOnToolsVersion = 15.1;
						TestTargetID = B04014DD2C66E3D0000DB07F;
					};
				};
			};
			buildConfigurationList = B04014D92C66E3D0000DB07F /* Build configuration list for PBXProject "OpenWeather" */;
			compatibilityVersion = "Xcode 14.0";
			developmentRegion = en;
			hasScannedForEncodings = 0;
			knownRegions = (
				en,
				Base,
			);
			mainGroup = B04014D52C66E3D0000DB07F;
			productRefGroup = B04014DF2C66E3D0000DB07F /* Products */;
			projectDirPath = "";
			projectRoot = "";
			targets = (
				B04014DD2C66E3D0000DB07F /* OpenWeather */,
				B04014EE2C66E3D2000DB07F /* OpenWeatherTests */,
				B04014F82C66E3D2000DB07F /* OpenWeatherUITests */,
			);
		};
/* End PBXProject section */

/* Begin PBXResourcesBuildPhase section */
		B04014DC2C66E3D0000DB07F /* Resources */ = {
			isa = PBXResourcesBuildPhase;
			buildActionMask = 2147483647;
			files = (
				B04014EA2C66E3D2000DB07F /* Preview Assets.xcassets in Resources */,
				B04014E62C66E3D2000DB07F /* Assets.xcassets in Resources */,
			);
			runOnlyForDeploymentPostprocessing = 0;
		};
		B04014ED2C66E3D2000DB07F /* Resources */ = {
			isa = PBXResourcesBuildPhase;
			buildActionMask = 2147483647;
			files = (
			);
			runOnlyForDeploymentPostprocessing = 0;
		};
		B04014F72C66E3D2000DB07F /* Resources */ = {
			isa = PBXResourcesBuildPhase;
			buildActionMask = 2147483647;
			files = (
			);
			runOnlyForDeploymentPostprocessing = 0;
		};
/* End PBXResourcesBuildPhase section */

/* Begin PBXSourcesBuildPhase section */
		B04014DA2C66E3D0000DB07F /* Sources */ = {
			isa = PBXSourcesBuildPhase;
			buildActionMask = 2147483647;
			files = (
				B040153E2C6D96A6000DB07F /* CitySearchFieldViewModel.swift in Sources */,
				B03F4A822C7201EC00E9914C /* CityWeatherInformationProtocol.swift in Sources */,
				B068E75A2C7EA77F00B9867B /* OpenWeatherApp.swift in Sources */,
				B0C76B9E2C728D0300E47ED1 /* WeatherReloadActionProtocol.swift in Sources */,
				B040152D2C673DA9000DB07F /* Colors.swift in Sources */,
				B04015232C67313C000DB07F /* CityFormView.swift in Sources */,
				B04015332C686EF2000DB07F /* WeatherInformationViewRepresetable.swift in Sources */,
				B04015122C6728B9000DB07F /* CityFormViewModel.swift in Sources */,
				B040153C2C6D8A20000DB07F /* CitySearchFieldView.swift in Sources */,
				B040154D2C6EF511000DB07F /* WeatherInformationService.swift in Sources */,
				B040154A2C6ED6DA000DB07F /* WeatherInformationHeaderView.swift in Sources */,
				B04015482C6DD927000DB07F /* CitySearch.swift in Sources */,
				B04015312C686C46000DB07F /* WeatherinformationView.swift in Sources */,
				B04015382C6988C1000DB07F /* ApiError.swift in Sources */,
				B03F4A7E2C71EBE600E9914C /* Int.swift in Sources */,
				B040151B2C672938000DB07F /* CityWeatherInformationModel.swift in Sources */,
			);
			runOnlyForDeploymentPostprocessing = 0;
		};
		B04014EB2C66E3D2000DB07F /* Sources */ = {
			isa = PBXSourcesBuildPhase;
			buildActionMask = 2147483647;
			files = (
				B04014F42C66E3D2000DB07F /* CityFormViewModelTests.swift in Sources */,
				B068E7582C73FB2600B9867B /* CityWeatherModelFixture.swift in Sources */,
			);
			runOnlyForDeploymentPostprocessing = 0;
		};
		B04014F52C66E3D2000DB07F /* Sources */ = {
			isa = PBXSourcesBuildPhase;
			buildActionMask = 2147483647;
			files = (
				B04014FE2C66E3D2000DB07F /* OpenWeatherUITests.swift in Sources */,
				B04015002C66E3D2000DB07F /* OpenWeatherUITestsLaunchTests.swift in Sources */,
			);
			runOnlyForDeploymentPostprocessing = 0;
		};
/* End PBXSourcesBuildPhase section */

/* Begin PBXTargetDependency section */
		B04014F12C66E3D2000DB07F /* PBXTargetDependency */ = {
			isa = PBXTargetDependency;
			target = B04014DD2C66E3D0000DB07F /* OpenWeather */;
			targetProxy = B04014F02C66E3D2000DB07F /* PBXContainerItemProxy */;
		};
		B04014FB2C66E3D2000DB07F /* PBXTargetDependency */ = {
			isa = PBXTargetDependency;
			target = B04014DD2C66E3D0000DB07F /* OpenWeather */;
			targetProxy = B04014FA2C66E3D2000DB07F /* PBXContainerItemProxy */;
		};
/* End PBXTargetDependency section */

/* Begin XCBuildConfiguration section */
		B04015012C66E3D2000DB07F /* Debug */ = {
			isa = XCBuildConfiguration;
			buildSettings = {
				ALWAYS_SEARCH_USER_PATHS = NO;
				ASSETCATALOG_COMPILER_GENERATE_SWIFT_ASSET_SYMBOL_EXTENSIONS = YES;
				CLANG_ANALYZER_NONNULL = YES;
				CLANG_ANALYZER_NUMBER_OBJECT_CONVERSION = YES_AGGRESSIVE;
				CLANG_CXX_LANGUAGE_STANDARD = "gnu++20";
				CLANG_ENABLE_MODULES = YES;
				CLANG_ENABLE_OBJC_ARC = YES;
				CLANG_ENABLE_OBJC_WEAK = YES;
				CLANG_WARN_BLOCK_CAPTURE_AUTORELEASING = YES;
				CLANG_WARN_BOOL_CONVERSION = YES;
				CLANG_WARN_COMMA = YES;
				CLANG_WARN_CONSTANT_CONVERSION = YES;
				CLANG_WARN_DEPRECATED_OBJC_IMPLEMENTATIONS = YES;
				CLANG_WARN_DIRECT_OBJC_ISA_USAGE = YES_ERROR;
				CLANG_WARN_DOCUMENTATION_COMMENTS = YES;
				CLANG_WARN_EMPTY_BODY = YES;
				CLANG_WARN_ENUM_CONVERSION = YES;
				CLANG_WARN_INFINITE_RECURSION = YES;
				CLANG_WARN_INT_CONVERSION = YES;
				CLANG_WARN_NON_LITERAL_NULL_CONVERSION = YES;
				CLANG_WARN_OBJC_IMPLICIT_RETAIN_SELF = YES;
				CLANG_WARN_OBJC_LITERAL_CONVERSION = YES;
				CLANG_WARN_OBJC_ROOT_CLASS = YES_ERROR;
				CLANG_WARN_QUOTED_INCLUDE_IN_FRAMEWORK_HEADER = YES;
				CLANG_WARN_RANGE_LOOP_ANALYSIS = YES;
				CLANG_WARN_STRICT_PROTOTYPES = YES;
				CLANG_WARN_SUSPICIOUS_MOVE = YES;
				CLANG_WARN_UNGUARDED_AVAILABILITY = YES_AGGRESSIVE;
				CLANG_WARN_UNREACHABLE_CODE = YES;
				CLANG_WARN__DUPLICATE_METHOD_MATCH = YES;
				COPY_PHASE_STRIP = NO;
				DEBUG_INFORMATION_FORMAT = dwarf;
				ENABLE_STRICT_OBJC_MSGSEND = YES;
				ENABLE_TESTABILITY = YES;
				ENABLE_USER_SCRIPT_SANDBOXING = YES;
				GCC_C_LANGUAGE_STANDARD = gnu17;
				GCC_DYNAMIC_NO_PIC = NO;
				GCC_NO_COMMON_BLOCKS = YES;
				GCC_OPTIMIZATION_LEVEL = 0;
				GCC_PREPROCESSOR_DEFINITIONS = (
					"DEBUG=1",
					"$(inherited)",
				);
				GCC_WARN_64_TO_32_BIT_CONVERSION = YES;
				GCC_WARN_ABOUT_RETURN_TYPE = YES_ERROR;
				GCC_WARN_UNDECLARED_SELECTOR = YES;
				GCC_WARN_UNINITIALIZED_AUTOS = YES_AGGRESSIVE;
				GCC_WARN_UNUSED_FUNCTION = YES;
				GCC_WARN_UNUSED_VARIABLE = YES;
				INFOPLIST_KEY_WKExtensionDelegateClassName = "";
				LOCALIZATION_PREFERS_STRING_CATALOGS = YES;
				MTL_ENABLE_DEBUG_INFO = INCLUDE_SOURCE;
				MTL_FAST_MATH = YES;
				ONLY_ACTIVE_ARCH = YES;
				SWIFT_ACTIVE_COMPILATION_CONDITIONS = "DEBUG $(inherited)";
				SWIFT_OPTIMIZATION_LEVEL = "-Onone";
			};
			name = Debug;
		};
		B04015022C66E3D2000DB07F /* Release */ = {
			isa = XCBuildConfiguration;
			buildSettings = {
				ALWAYS_SEARCH_USER_PATHS = NO;
				ASSETCATALOG_COMPILER_GENERATE_SWIFT_ASSET_SYMBOL_EXTENSIONS = YES;
				CLANG_ANALYZER_NONNULL = YES;
				CLANG_ANALYZER_NUMBER_OBJECT_CONVERSION = YES_AGGRESSIVE;
				CLANG_CXX_LANGUAGE_STANDARD = "gnu++20";
				CLANG_ENABLE_MODULES = YES;
				CLANG_ENABLE_OBJC_ARC = YES;
				CLANG_ENABLE_OBJC_WEAK = YES;
				CLANG_WARN_BLOCK_CAPTURE_AUTORELEASING = YES;
				CLANG_WARN_BOOL_CONVERSION = YES;
				CLANG_WARN_COMMA = YES;
				CLANG_WARN_CONSTANT_CONVERSION = YES;
				CLANG_WARN_DEPRECATED_OBJC_IMPLEMENTATIONS = YES;
				CLANG_WARN_DIRECT_OBJC_ISA_USAGE = YES_ERROR;
				CLANG_WARN_DOCUMENTATION_COMMENTS = YES;
				CLANG_WARN_EMPTY_BODY = YES;
				CLANG_WARN_ENUM_CONVERSION = YES;
				CLANG_WARN_INFINITE_RECURSION = YES;
				CLANG_WARN_INT_CONVERSION = YES;
				CLANG_WARN_NON_LITERAL_NULL_CONVERSION = YES;
				CLANG_WARN_OBJC_IMPLICIT_RETAIN_SELF = YES;
				CLANG_WARN_OBJC_LITERAL_CONVERSION = YES;
				CLANG_WARN_OBJC_ROOT_CLASS = YES_ERROR;
				CLANG_WARN_QUOTED_INCLUDE_IN_FRAMEWORK_HEADER = YES;
				CLANG_WARN_RANGE_LOOP_ANALYSIS = YES;
				CLANG_WARN_STRICT_PROTOTYPES = YES;
				CLANG_WARN_SUSPICIOUS_MOVE = YES;
				CLANG_WARN_UNGUARDED_AVAILABILITY = YES_AGGRESSIVE;
				CLANG_WARN_UNREACHABLE_CODE = YES;
				CLANG_WARN__DUPLICATE_METHOD_MATCH = YES;
				COPY_PHASE_STRIP = NO;
				DEBUG_INFORMATION_FORMAT = "dwarf-with-dsym";
				ENABLE_NS_ASSERTIONS = NO;
				ENABLE_STRICT_OBJC_MSGSEND = YES;
				ENABLE_USER_SCRIPT_SANDBOXING = YES;
				GCC_C_LANGUAGE_STANDARD = gnu17;
				GCC_NO_COMMON_BLOCKS = YES;
				GCC_WARN_64_TO_32_BIT_CONVERSION = YES;
				GCC_WARN_ABOUT_RETURN_TYPE = YES_ERROR;
				GCC_WARN_UNDECLARED_SELECTOR = YES;
				GCC_WARN_UNINITIALIZED_AUTOS = YES_AGGRESSIVE;
				GCC_WARN_UNUSED_FUNCTION = YES;
				GCC_WARN_UNUSED_VARIABLE = YES;
				"INFOPLIST_KEY_UILaunchStoryboardName[sdk=iphoneos*]" = "";
				INFOPLIST_KEY_WKExtensionDelegateClassName = "";
				LOCALIZATION_PREFERS_STRING_CATALOGS = YES;
				MTL_ENABLE_DEBUG_INFO = NO;
				MTL_FAST_MATH = YES;
				SWIFT_COMPILATION_MODE = wholemodule;
			};
			name = Release;
		};
		B04015042C66E3D2000DB07F /* Debug */ = {
			isa = XCBuildConfiguration;
			buildSettings = {
				ASSETCATALOG_COMPILER_APPICON_NAME = AppIcon;
				ASSETCATALOG_COMPILER_GLOBAL_ACCENT_COLOR_NAME = AccentColor;
				CODE_SIGN_ENTITLEMENTS = OpenWeather/OpenWeather.entitlements;
				CODE_SIGN_STYLE = Automatic;
				CURRENT_PROJECT_VERSION = 1;
				DEVELOPMENT_ASSET_PATHS = "\"OpenWeather/Preview Content\"";
				DEVELOPMENT_TEAM = 8JYW3ZN7SH;
				ENABLE_HARDENED_RUNTIME = YES;
				ENABLE_PREVIEWS = YES;
				GENERATE_INFOPLIST_FILE = YES;
				INFOPLIST_FILE = OpenWeather/Info.plist;
				INFOPLIST_KEY_NSLocationAlwaysAndWhenInUseUsageDescription = "";
				"INFOPLIST_KEY_UIApplicationSceneManifest_Generation[sdk=iphoneos*]" = YES;
				"INFOPLIST_KEY_UIApplicationSceneManifest_Generation[sdk=iphonesimulator*]" = YES;
				"INFOPLIST_KEY_UIApplicationSupportsIndirectInputEvents[sdk=iphoneos*]" = YES;
				"INFOPLIST_KEY_UIApplicationSupportsIndirectInputEvents[sdk=iphonesimulator*]" = YES;
				"INFOPLIST_KEY_UILaunchScreen_Generation[sdk=iphoneos*]" = YES;
				"INFOPLIST_KEY_UILaunchScreen_Generation[sdk=iphonesimulator*]" = YES;
				"INFOPLIST_KEY_UIStatusBarStyle[sdk=iphoneos*]" = UIStatusBarStyleDefault;
				"INFOPLIST_KEY_UIStatusBarStyle[sdk=iphonesimulator*]" = UIStatusBarStyleDefault;
				INFOPLIST_KEY_UISupportedInterfaceOrientations_iPad = "UIInterfaceOrientationPortrait UIInterfaceOrientationPortraitUpsideDown UIInterfaceOrientationLandscapeLeft UIInterfaceOrientationLandscapeRight";
				INFOPLIST_KEY_UISupportedInterfaceOrientations_iPhone = "UIInterfaceOrientationPortrait UIInterfaceOrientationLandscapeLeft UIInterfaceOrientationLandscapeRight";
				INFOPLIST_KEY_WKExtensionDelegateClassName = "";
				IPHONEOS_DEPLOYMENT_TARGET = 17.2;
				LD_RUNPATH_SEARCH_PATHS = "@executable_path/Frameworks";
				"LD_RUNPATH_SEARCH_PATHS[sdk=macosx*]" = "@executable_path/../Frameworks";
				MACOSX_DEPLOYMENT_TARGET = 14.2;
				MARKETING_VERSION = 1.0;
				PRODUCT_BUNDLE_IDENTIFIER = derickdev.OpenWeather;
				PRODUCT_NAME = "$(TARGET_NAME)";
				SDKROOT = auto;
				SUPPORTED_PLATFORMS = "iphoneos iphonesimulator macosx";
				SWIFT_EMIT_LOC_STRINGS = YES;
				SWIFT_VERSION = 5.0;
				TARGETED_DEVICE_FAMILY = "1,2";
			};
			name = Debug;
		};
		B04015052C66E3D2000DB07F /* Release */ = {
			isa = XCBuildConfiguration;
			buildSettings = {
				ASSETCATALOG_COMPILER_APPICON_NAME = AppIcon;
				ASSETCATALOG_COMPILER_GLOBAL_ACCENT_COLOR_NAME = AccentColor;
				CODE_SIGN_ENTITLEMENTS = OpenWeather/OpenWeather.entitlements;
				CODE_SIGN_STYLE = Automatic;
				CURRENT_PROJECT_VERSION = 1;
				DEVELOPMENT_ASSET_PATHS = "\"OpenWeather/Preview Content\"";
				DEVELOPMENT_TEAM = 8JYW3ZN7SH;
				ENABLE_HARDENED_RUNTIME = YES;
				ENABLE_PREVIEWS = YES;
				GENERATE_INFOPLIST_FILE = YES;
				INFOPLIST_FILE = OpenWeather/Info.plist;
				INFOPLIST_KEY_NSLocationAlwaysAndWhenInUseUsageDescription = "";
				"INFOPLIST_KEY_UIApplicationSceneManifest_Generation[sdk=iphoneos*]" = YES;
				"INFOPLIST_KEY_UIApplicationSceneManifest_Generation[sdk=iphonesimulator*]" = YES;
				"INFOPLIST_KEY_UIApplicationSupportsIndirectInputEvents[sdk=iphoneos*]" = YES;
				"INFOPLIST_KEY_UIApplicationSupportsIndirectInputEvents[sdk=iphonesimulator*]" = YES;
				"INFOPLIST_KEY_UILaunchScreen_Generation[sdk=iphoneos*]" = YES;
				"INFOPLIST_KEY_UILaunchScreen_Generation[sdk=iphonesimulator*]" = YES;
				"INFOPLIST_KEY_UIStatusBarStyle[sdk=iphoneos*]" = UIStatusBarStyleDefault;
				"INFOPLIST_KEY_UIStatusBarStyle[sdk=iphonesimulator*]" = UIStatusBarStyleDefault;
				INFOPLIST_KEY_UISupportedInterfaceOrientations_iPad = "UIInterfaceOrientationPortrait UIInterfaceOrientationPortraitUpsideDown UIInterfaceOrientationLandscapeLeft UIInterfaceOrientationLandscapeRight";
				INFOPLIST_KEY_UISupportedInterfaceOrientations_iPhone = "UIInterfaceOrientationPortrait UIInterfaceOrientationLandscapeLeft UIInterfaceOrientationLandscapeRight";
				INFOPLIST_KEY_WKExtensionDelegateClassName = "";
				IPHONEOS_DEPLOYMENT_TARGET = 17.2;
				LD_RUNPATH_SEARCH_PATHS = "@executable_path/Frameworks";
				"LD_RUNPATH_SEARCH_PATHS[sdk=macosx*]" = "@executable_path/../Frameworks";
				MACOSX_DEPLOYMENT_TARGET = 14.2;
				MARKETING_VERSION = 1.0;
				PRODUCT_BUNDLE_IDENTIFIER = derickdev.OpenWeather;
				PRODUCT_NAME = "$(TARGET_NAME)";
				SDKROOT = auto;
				SUPPORTED_PLATFORMS = "iphoneos iphonesimulator macosx";
				SWIFT_EMIT_LOC_STRINGS = YES;
				SWIFT_VERSION = 5.0;
				TARGETED_DEVICE_FAMILY = "1,2";
			};
			name = Release;
		};
		B04015072C66E3D2000DB07F /* Debug */ = {
			isa = XCBuildConfiguration;
			buildSettings = {
				ALWAYS_EMBED_SWIFT_STANDARD_LIBRARIES = YES;
				BUNDLE_LOADER = "$(TEST_HOST)";
				CODE_SIGN_STYLE = Automatic;
				CURRENT_PROJECT_VERSION = 1;
				DEVELOPMENT_TEAM = 8JYW3ZN7SH;
				GENERATE_INFOPLIST_FILE = YES;
				IPHONEOS_DEPLOYMENT_TARGET = 17.2;
				MACOSX_DEPLOYMENT_TARGET = 14.2;
				MARKETING_VERSION = 1.0;
				PRODUCT_BUNDLE_IDENTIFIER = derickdev.OpenWeatherTests;
				PRODUCT_NAME = "$(TARGET_NAME)";
				SDKROOT = auto;
				SUPPORTED_PLATFORMS = "iphoneos iphonesimulator macosx";
				SWIFT_EMIT_LOC_STRINGS = NO;
				SWIFT_VERSION = 5.0;
				TARGETED_DEVICE_FAMILY = "1,2";
				TEST_HOST = "$(BUILT_PRODUCTS_DIR)/OpenWeather.app/$(BUNDLE_EXECUTABLE_FOLDER_PATH)/OpenWeather";
			};
			name = Debug;
		};
		B04015082C66E3D2000DB07F /* Release */ = {
			isa = XCBuildConfiguration;
			buildSettings = {
				ALWAYS_EMBED_SWIFT_STANDARD_LIBRARIES = YES;
				BUNDLE_LOADER = "$(TEST_HOST)";
				CODE_SIGN_STYLE = Automatic;
				CURRENT_PROJECT_VERSION = 1;
				DEVELOPMENT_TEAM = 8JYW3ZN7SH;
				GENERATE_INFOPLIST_FILE = YES;
				IPHONEOS_DEPLOYMENT_TARGET = 17.2;
				MACOSX_DEPLOYMENT_TARGET = 14.2;
				MARKETING_VERSION = 1.0;
				PRODUCT_BUNDLE_IDENTIFIER = derickdev.OpenWeatherTests;
				PRODUCT_NAME = "$(TARGET_NAME)";
				SDKROOT = auto;
				SUPPORTED_PLATFORMS = "iphoneos iphonesimulator macosx";
				SWIFT_EMIT_LOC_STRINGS = NO;
				SWIFT_VERSION = 5.0;
				TARGETED_DEVICE_FAMILY = "1,2";
				TEST_HOST = "$(BUILT_PRODUCTS_DIR)/OpenWeather.app/$(BUNDLE_EXECUTABLE_FOLDER_PATH)/OpenWeather";
			};
			name = Release;
		};
		B040150A2C66E3D2000DB07F /* Debug */ = {
			isa = XCBuildConfiguration;
			buildSettings = {
				ALWAYS_EMBED_SWIFT_STANDARD_LIBRARIES = YES;
				CODE_SIGN_STYLE = Automatic;
				CURRENT_PROJECT_VERSION = 1;
				DEVELOPMENT_TEAM = 8JYW3ZN7SH;
				GENERATE_INFOPLIST_FILE = YES;
				IPHONEOS_DEPLOYMENT_TARGET = 17.2;
				MACOSX_DEPLOYMENT_TARGET = 14.2;
				MARKETING_VERSION = 1.0;
				PRODUCT_BUNDLE_IDENTIFIER = derickdev.OpenWeatherUITests;
				PRODUCT_NAME = "$(TARGET_NAME)";
				SDKROOT = auto;
				SUPPORTED_PLATFORMS = "iphoneos iphonesimulator macosx";
				SWIFT_EMIT_LOC_STRINGS = NO;
				SWIFT_VERSION = 5.0;
				TARGETED_DEVICE_FAMILY = "1,2";
				TEST_TARGET_NAME = OpenWeather;
			};
			name = Debug;
		};
		B040150B2C66E3D2000DB07F /* Release */ = {
			isa = XCBuildConfiguration;
			buildSettings = {
				ALWAYS_EMBED_SWIFT_STANDARD_LIBRARIES = YES;
				CODE_SIGN_STYLE = Automatic;
				CURRENT_PROJECT_VERSION = 1;
				DEVELOPMENT_TEAM = 8JYW3ZN7SH;
				GENERATE_INFOPLIST_FILE = YES;
				IPHONEOS_DEPLOYMENT_TARGET = 17.2;
				MACOSX_DEPLOYMENT_TARGET = 14.2;
				MARKETING_VERSION = 1.0;
				PRODUCT_BUNDLE_IDENTIFIER = derickdev.OpenWeatherUITests;
				PRODUCT_NAME = "$(TARGET_NAME)";
				SDKROOT = auto;
				SUPPORTED_PLATFORMS = "iphoneos iphonesimulator macosx";
				SWIFT_EMIT_LOC_STRINGS = NO;
				SWIFT_VERSION = 5.0;
				TARGETED_DEVICE_FAMILY = "1,2";
				TEST_TARGET_NAME = OpenWeather;
			};
			name = Release;
		};
/* End XCBuildConfiguration section */

/* Begin XCConfigurationList section */
		B04014D92C66E3D0000DB07F /* Build configuration list for PBXProject "OpenWeather" */ = {
			isa = XCConfigurationList;
			buildConfigurations = (
				B04015012C66E3D2000DB07F /* Debug */,
				B04015022C66E3D2000DB07F /* Release */,
			);
			defaultConfigurationIsVisible = 0;
			defaultConfigurationName = Release;
		};
		B04015032C66E3D2000DB07F /* Build configuration list for PBXNativeTarget "OpenWeather" */ = {
			isa = XCConfigurationList;
			buildConfigurations = (
				B04015042C66E3D2000DB07F /* Debug */,
				B04015052C66E3D2000DB07F /* Release */,
			);
			defaultConfigurationIsVisible = 0;
			defaultConfigurationName = Release;
		};
		B04015062C66E3D2000DB07F /* Build configuration list for PBXNativeTarget "OpenWeatherTests" */ = {
			isa = XCConfigurationList;
			buildConfigurations = (
				B04015072C66E3D2000DB07F /* Debug */,
				B04015082C66E3D2000DB07F /* Release */,
			);
			defaultConfigurationIsVisible = 0;
			defaultConfigurationName = Release;
		};
		B04015092C66E3D2000DB07F /* Build configuration list for PBXNativeTarget "OpenWeatherUITests" */ = {
			isa = XCConfigurationList;
			buildConfigurations = (
				B040150A2C66E3D2000DB07F /* Debug */,
				B040150B2C66E3D2000DB07F /* Release */,
			);
			defaultConfigurationIsVisible = 0;
			defaultConfigurationName = Release;
		};
/* End XCConfigurationList section */
	};
	rootObject = B04014D62C66E3D0000DB07F /* Project object */;
}
